// !$*UTF8*$!
{
	archiveVersion = 1;
	classes = {
	};
	objectVersion = 46;
	objects = {

/* Begin PBXBuildFile section */
		8F1E49371F6C507C0051FC8C /* bg_renderer.cpp in Sources */ = {isa = PBXBuildFile; fileRef = 8F1E48F51F6C507C0051FC8C /* bg_renderer.cpp */; };
		8F1E49381F6C507C0051FC8C /* camera.cpp in Sources */ = {isa = PBXBuildFile; fileRef = 8F1E48F71F6C507C0051FC8C /* camera.cpp */; };
		8F1E49391F6C507C0051FC8C /* f2f_optimizer.cpp in Sources */ = {isa = PBXBuildFile; fileRef = 8F1E48FA1F6C507C0051FC8C /* f2f_optimizer.cpp */; };
		8F1E493A1F6C507C0051FC8C /* f2f_renderer.cpp in Sources */ = {isa = PBXBuildFile; fileRef = 8F1E48FC1F6C507C0051FC8C /* f2f_renderer.cpp */; };
		8F1E493B1F6C507C0051FC8C /* face_2dtracker.cc in Sources */ = {isa = PBXBuildFile; fileRef = 8F1E48FE1F6C507C0051FC8C /* face_2dtracker.cc */; };
		8F1E493C1F6C507C0051FC8C /* face_gradient.cpp in Sources */ = {isa = PBXBuildFile; fileRef = 8F1E49001F6C507C0051FC8C /* face_gradient.cpp */; };
		8F1E493D1F6C507C0051FC8C /* face_model.cpp in Sources */ = {isa = PBXBuildFile; fileRef = 8F1E49021F6C507C0051FC8C /* face_model.cpp */; };
		8F1E493E1F6C507C0051FC8C /* face_module.cpp in Sources */ = {isa = PBXBuildFile; fileRef = 8F1E49041F6C507C0051FC8C /* face_module.cpp */; };
		8F1E493F1F6C507C0051FC8C /* framebuffer.cpp in Sources */ = {isa = PBXBuildFile; fileRef = 8F1E49071F6C507C0051FC8C /* framebuffer.cpp */; };
		8F1E49401F6C507C0051FC8C /* gl_core.cpp in Sources */ = {isa = PBXBuildFile; fileRef = 8F1E49091F6C507C0051FC8C /* gl_core.cpp */; };
		8F1E49411F6C507C0051FC8C /* gl_mesh.cpp in Sources */ = {isa = PBXBuildFile; fileRef = 8F1E490B1F6C507C0051FC8C /* gl_mesh.cpp */; };
		8F1E49421F6C507C0051FC8C /* gui.cpp in Sources */ = {isa = PBXBuildFile; fileRef = 8F1E490E1F6C507C0051FC8C /* gui.cpp */; };
		8F1E49431F6C507C0051FC8C /* imgui.cpp in Sources */ = {isa = PBXBuildFile; fileRef = 8F1E49121F6C507C0051FC8C /* imgui.cpp */; };
		8F1E49441F6C507C0051FC8C /* imgui_demo.cpp in Sources */ = {isa = PBXBuildFile; fileRef = 8F1E49141F6C507C0051FC8C /* imgui_demo.cpp */; };
		8F1E49451F6C507C0051FC8C /* imgui_draw.cpp in Sources */ = {isa = PBXBuildFile; fileRef = 8F1E49151F6C507C0051FC8C /* imgui_draw.cpp */; };
		8F1E49461F6C507C0051FC8C /* imgui_impl_glfw_gl3.cpp in Sources */ = {isa = PBXBuildFile; fileRef = 8F1E49161F6C507C0051FC8C /* imgui_impl_glfw_gl3.cpp */; };
		8F1E49471F6C507C0051FC8C /* main.cpp in Sources */ = {isa = PBXBuildFile; fileRef = 8F1E491C1F6C507C0051FC8C /* main.cpp */; };
		8F1E49481F6C507C0051FC8C /* mesh_renderer.cpp in Sources */ = {isa = PBXBuildFile; fileRef = 8F1E491D1F6C507C0051FC8C /* mesh_renderer.cpp */; };
		8F1E49491F6C507C0051FC8C /* minitrace.c in Sources */ = {isa = PBXBuildFile; fileRef = 8F1E491F1F6C507C0051FC8C /* minitrace.c */; };
		8F1E494A1F6C507C0051FC8C /* common.cc in Sources */ = {isa = PBXBuildFile; fileRef = 8F1E49221F6C507C0051FC8C /* common.cc */; };
		8F1E494B1F6C507C0051FC8C /* LearnGAB.cc in Sources */ = {isa = PBXBuildFile; fileRef = 8F1E49241F6C507C0051FC8C /* LearnGAB.cc */; };
		8F1E494C1F6C507C0051FC8C /* TrainDetector.cc in Sources */ = {isa = PBXBuildFile; fileRef = 8F1E49261F6C507C0051FC8C /* TrainDetector.cc */; };
		8F1E494D1F6C507C0051FC8C /* p2d_optimizer.cpp in Sources */ = {isa = PBXBuildFile; fileRef = 8F1E49291F6C507C0051FC8C /* p2d_optimizer.cpp */; };
		8F1E494E1F6C507C0051FC8C /* p2d_renderer.cpp in Sources */ = {isa = PBXBuildFile; fileRef = 8F1E492B1F6C507C0051FC8C /* p2d_renderer.cpp */; };
		8F1E494F1F6C507C0051FC8C /* p3d_renderer.cpp in Sources */ = {isa = PBXBuildFile; fileRef = 8F1E492D1F6C507C0051FC8C /* p3d_renderer.cpp */; };
		8F1E49501F6C507C0051FC8C /* renderer.cpp in Sources */ = {isa = PBXBuildFile; fileRef = 8F1E492F1F6C507C0051FC8C /* renderer.cpp */; };
		8F1E49511F6C507C0051FC8C /* sh_optimizer.cpp in Sources */ = {isa = PBXBuildFile; fileRef = 8F1E49311F6C507C0051FC8C /* sh_optimizer.cpp */; };
		8F1E49521F6C507C0051FC8C /* tiny_obj_loader.cc in Sources */ = {isa = PBXBuildFile; fileRef = 8F1E49331F6C507C0051FC8C /* tiny_obj_loader.cc */; };
		8F1E49531F6C507C0051FC8C /* trackball.cpp in Sources */ = {isa = PBXBuildFile; fileRef = 8F1E49351F6C507C0051FC8C /* trackball.cpp */; };
		8F1E495A1F6C517F0051FC8C /* source.cpp in Sources */ = {isa = PBXBuildFile; fileRef = 8F1E49591F6C517F0051FC8C /* source.cpp */; };
		8F1E49731F6C7B4F0051FC8C /* fern.cc in Sources */ = {isa = PBXBuildFile; fileRef = 8F1E496D1F6C7B4F0051FC8C /* fern.cc */; };
		8F1E49741F6C7B4F0051FC8C /* regressor.cc in Sources */ = {isa = PBXBuildFile; fileRef = 8F1E496F1F6C7B4F0051FC8C /* regressor.cc */; };
		8F1E49751F6C7B4F0051FC8C /* model.cc in Sources */ = {isa = PBXBuildFile; fileRef = 8F1E49711F6C7B4F0051FC8C /* model.cc */; };
		8F1E49781F70DDCF0051FC8C /* train_util.cpp in Sources */ = {isa = PBXBuildFile; fileRef = 8F1E49761F70DDCF0051FC8C /* train_util.cpp */; };
		8F212E811F50C5CD005099A2 /* OpenGL.framework in Frameworks */ = {isa = PBXBuildFile; fileRef = 8F212E801F50C5CD005099A2 /* OpenGL.framework */; };
		8F3454241EECA18F007B479B /* libgflags.2.2.0.dylib in Frameworks */ = {isa = PBXBuildFile; fileRef = 8F3454231EECA18F007B479B /* libgflags.2.2.0.dylib */; };
		8F3454261EECA1A0007B479B /* libGLEW.a in Frameworks */ = {isa = PBXBuildFile; fileRef = 8F3454251EECA1A0007B479B /* libGLEW.a */; };
		8F3454281EECA1AF007B479B /* libopencv_world.3.2.0.dylib in Frameworks */ = {isa = PBXBuildFile; fileRef = 8F3454271EECA1AF007B479B /* libopencv_world.3.2.0.dylib */; };
		8F3454291EECA1B6007B479B /* libgflags.2.2.0.dylib in CopyFiles */ = {isa = PBXBuildFile; fileRef = 8F3454231EECA18F007B479B /* libgflags.2.2.0.dylib */; };
		8F34542A1EECA1B6007B479B /* libopencv_world.3.2.0.dylib in CopyFiles */ = {isa = PBXBuildFile; fileRef = 8F3454271EECA1AF007B479B /* libopencv_world.3.2.0.dylib */; };
		8F4B76F81F7EB4F900033525 /* module.cpp in Sources */ = {isa = PBXBuildFile; fileRef = 8F4B76F61F7EB4F900033525 /* module.cpp */; };
		8F4B76FB1F7EB6EE00033525 /* capture_module.cpp in Sources */ = {isa = PBXBuildFile; fileRef = 8F4B76F91F7EB6EE00033525 /* capture_module.cpp */; };
		8FE2955C1F61FD620021E914 /* libglfw3.a in Frameworks */ = {isa = PBXBuildFile; fileRef = 8FE2955B1F61FD620021E914 /* libglfw3.a */; };
		8FE295601F61FD9C0021E914 /* CoreVideo.framework in Frameworks */ = {isa = PBXBuildFile; fileRef = 8FE2955D1F61FD9C0021E914 /* CoreVideo.framework */; };
		8FE295611F61FD9C0021E914 /* IOKit.framework in Frameworks */ = {isa = PBXBuildFile; fileRef = 8FE2955E1F61FD9C0021E914 /* IOKit.framework */; };
		8FE295621F61FD9C0021E914 /* Cocoa.framework in Frameworks */ = {isa = PBXBuildFile; fileRef = 8FE2955F1F61FD9C0021E914 /* Cocoa.framework */; };
/* End PBXBuildFile section */

/* Begin PBXCopyFilesBuildPhase section */
		8F3454111EEC9E30007B479B /* CopyFiles */ = {
			isa = PBXCopyFilesBuildPhase;
			buildActionMask = 12;
			dstPath = "";
			dstSubfolderSpec = 16;
			files = (
				8F3454291EECA1B6007B479B /* libgflags.2.2.0.dylib in CopyFiles */,
				8F34542A1EECA1B6007B479B /* libopencv_world.3.2.0.dylib in CopyFiles */,
			);
			runOnlyForDeploymentPostprocessing = 0;
		};
/* End PBXCopyFilesBuildPhase section */

/* Begin PBXFileReference section */
		8F1E48F51F6C507C0051FC8C /* bg_renderer.cpp */ = {isa = PBXFileReference; fileEncoding = 4; lastKnownFileType = sourcecode.cpp.cpp; name = bg_renderer.cpp; path = src/bg_renderer.cpp; sourceTree = SOURCE_ROOT; };
		8F1E48F61F6C507C0051FC8C /* bg_renderer.hpp */ = {isa = PBXFileReference; fileEncoding = 4; lastKnownFileType = sourcecode.cpp.h; name = bg_renderer.hpp; path = src/bg_renderer.hpp; sourceTree = SOURCE_ROOT; };
		8F1E48F71F6C507C0051FC8C /* camera.cpp */ = {isa = PBXFileReference; fileEncoding = 4; lastKnownFileType = sourcecode.cpp.cpp; name = camera.cpp; path = src/camera.cpp; sourceTree = SOURCE_ROOT; };
		8F1E48F81F6C507C0051FC8C /* camera.hpp */ = {isa = PBXFileReference; fileEncoding = 4; lastKnownFileType = sourcecode.cpp.h; name = camera.hpp; path = src/camera.hpp; sourceTree = SOURCE_ROOT; };
		8F1E48F91F6C507C0051FC8C /* EigenHelper.h */ = {isa = PBXFileReference; fileEncoding = 4; lastKnownFileType = sourcecode.c.h; name = EigenHelper.h; path = src/EigenHelper.h; sourceTree = SOURCE_ROOT; };
		8F1E48FA1F6C507C0051FC8C /* f2f_optimizer.cpp */ = {isa = PBXFileReference; fileEncoding = 4; lastKnownFileType = sourcecode.cpp.cpp; name = f2f_optimizer.cpp; path = src/f2f_optimizer.cpp; sourceTree = SOURCE_ROOT; };
		8F1E48FB1F6C507C0051FC8C /* f2f_optimizer.h */ = {isa = PBXFileReference; fileEncoding = 4; lastKnownFileType = sourcecode.c.h; name = f2f_optimizer.h; path = src/f2f_optimizer.h; sourceTree = SOURCE_ROOT; };
		8F1E48FC1F6C507C0051FC8C /* f2f_renderer.cpp */ = {isa = PBXFileReference; fileEncoding = 4; lastKnownFileType = sourcecode.cpp.cpp; name = f2f_renderer.cpp; path = src/f2f_renderer.cpp; sourceTree = SOURCE_ROOT; };
		8F1E48FD1F6C507C0051FC8C /* f2f_renderer.hpp */ = {isa = PBXFileReference; fileEncoding = 4; lastKnownFileType = sourcecode.cpp.h; name = f2f_renderer.hpp; path = src/f2f_renderer.hpp; sourceTree = SOURCE_ROOT; };
		8F1E48FE1F6C507C0051FC8C /* face_2dtracker.cc */ = {isa = PBXFileReference; fileEncoding = 4; lastKnownFileType = sourcecode.cpp.cpp; name = face_2dtracker.cc; path = src/face_2dtracker.cc; sourceTree = SOURCE_ROOT; };
		8F1E48FF1F6C507C0051FC8C /* face_2dtracker.h */ = {isa = PBXFileReference; fileEncoding = 4; lastKnownFileType = sourcecode.c.h; name = face_2dtracker.h; path = src/face_2dtracker.h; sourceTree = SOURCE_ROOT; };
		8F1E49001F6C507C0051FC8C /* face_gradient.cpp */ = {isa = PBXFileReference; fileEncoding = 4; lastKnownFileType = sourcecode.cpp.cpp; name = face_gradient.cpp; path = src/face_gradient.cpp; sourceTree = SOURCE_ROOT; };
		8F1E49011F6C507C0051FC8C /* face_gradient.h */ = {isa = PBXFileReference; fileEncoding = 4; lastKnownFileType = sourcecode.c.h; name = face_gradient.h; path = src/face_gradient.h; sourceTree = SOURCE_ROOT; };
		8F1E49021F6C507C0051FC8C /* face_model.cpp */ = {isa = PBXFileReference; fileEncoding = 4; lastKnownFileType = sourcecode.cpp.cpp; name = face_model.cpp; path = src/face_model.cpp; sourceTree = SOURCE_ROOT; };
		8F1E49031F6C507C0051FC8C /* face_model.hpp */ = {isa = PBXFileReference; fileEncoding = 4; lastKnownFileType = sourcecode.cpp.h; name = face_model.hpp; path = src/face_model.hpp; sourceTree = SOURCE_ROOT; };
		8F1E49041F6C507C0051FC8C /* face_module.cpp */ = {isa = PBXFileReference; fileEncoding = 4; lastKnownFileType = sourcecode.cpp.cpp; name = face_module.cpp; path = src/face_module.cpp; sourceTree = SOURCE_ROOT; };
		8F1E49051F6C507C0051FC8C /* face_module.hpp */ = {isa = PBXFileReference; fileEncoding = 4; lastKnownFileType = sourcecode.cpp.h; name = face_module.hpp; path = src/face_module.hpp; sourceTree = SOURCE_ROOT; };
		8F1E49061F6C507C0051FC8C /* fps.hpp */ = {isa = PBXFileReference; fileEncoding = 4; lastKnownFileType = sourcecode.cpp.h; name = fps.hpp; path = src/fps.hpp; sourceTree = SOURCE_ROOT; };
		8F1E49071F6C507C0051FC8C /* framebuffer.cpp */ = {isa = PBXFileReference; fileEncoding = 4; lastKnownFileType = sourcecode.cpp.cpp; name = framebuffer.cpp; path = src/framebuffer.cpp; sourceTree = SOURCE_ROOT; };
		8F1E49081F6C507C0051FC8C /* framebuffer.hpp */ = {isa = PBXFileReference; fileEncoding = 4; lastKnownFileType = sourcecode.cpp.h; name = framebuffer.hpp; path = src/framebuffer.hpp; sourceTree = SOURCE_ROOT; };
		8F1E49091F6C507C0051FC8C /* gl_core.cpp */ = {isa = PBXFileReference; fileEncoding = 4; lastKnownFileType = sourcecode.cpp.cpp; name = gl_core.cpp; path = src/gl_core.cpp; sourceTree = SOURCE_ROOT; };
		8F1E490A1F6C507C0051FC8C /* gl_core.hpp */ = {isa = PBXFileReference; fileEncoding = 4; lastKnownFileType = sourcecode.cpp.h; name = gl_core.hpp; path = src/gl_core.hpp; sourceTree = SOURCE_ROOT; };
		8F1E490B1F6C507C0051FC8C /* gl_mesh.cpp */ = {isa = PBXFileReference; fileEncoding = 4; lastKnownFileType = sourcecode.cpp.cpp; name = gl_mesh.cpp; path = src/gl_mesh.cpp; sourceTree = SOURCE_ROOT; };
		8F1E490C1F6C507C0051FC8C /* gl_mesh.hpp */ = {isa = PBXFileReference; fileEncoding = 4; lastKnownFileType = sourcecode.cpp.h; name = gl_mesh.hpp; path = src/gl_mesh.hpp; sourceTree = SOURCE_ROOT; };
		8F1E490D1F6C507C0051FC8C /* gl_utils.h */ = {isa = PBXFileReference; fileEncoding = 4; lastKnownFileType = sourcecode.c.h; name = gl_utils.h; path = src/gl_utils.h; sourceTree = SOURCE_ROOT; };
		8F1E490E1F6C507C0051FC8C /* gui.cpp */ = {isa = PBXFileReference; fileEncoding = 4; lastKnownFileType = sourcecode.cpp.cpp; name = gui.cpp; path = src/gui.cpp; sourceTree = SOURCE_ROOT; };
		8F1E490F1F6C507C0051FC8C /* gui.hpp */ = {isa = PBXFileReference; fileEncoding = 4; lastKnownFileType = sourcecode.cpp.h; name = gui.hpp; path = src/gui.hpp; sourceTree = SOURCE_ROOT; };
		8F1E49111F6C507C0051FC8C /* imconfig.h */ = {isa = PBXFileReference; fileEncoding = 4; lastKnownFileType = sourcecode.c.h; path = imconfig.h; sourceTree = "<group>"; };
		8F1E49121F6C507C0051FC8C /* imgui.cpp */ = {isa = PBXFileReference; fileEncoding = 4; lastKnownFileType = sourcecode.cpp.cpp; path = imgui.cpp; sourceTree = "<group>"; };
		8F1E49131F6C507C0051FC8C /* imgui.h */ = {isa = PBXFileReference; fileEncoding = 4; lastKnownFileType = sourcecode.c.h; path = imgui.h; sourceTree = "<group>"; };
		8F1E49141F6C507C0051FC8C /* imgui_demo.cpp */ = {isa = PBXFileReference; fileEncoding = 4; lastKnownFileType = sourcecode.cpp.cpp; path = imgui_demo.cpp; sourceTree = "<group>"; };
		8F1E49151F6C507C0051FC8C /* imgui_draw.cpp */ = {isa = PBXFileReference; fileEncoding = 4; lastKnownFileType = sourcecode.cpp.cpp; path = imgui_draw.cpp; sourceTree = "<group>"; };
		8F1E49161F6C507C0051FC8C /* imgui_impl_glfw_gl3.cpp */ = {isa = PBXFileReference; fileEncoding = 4; lastKnownFileType = sourcecode.cpp.cpp; path = imgui_impl_glfw_gl3.cpp; sourceTree = "<group>"; };
		8F1E49171F6C507C0051FC8C /* imgui_impl_glfw_gl3.h */ = {isa = PBXFileReference; fileEncoding = 4; lastKnownFileType = sourcecode.c.h; path = imgui_impl_glfw_gl3.h; sourceTree = "<group>"; };
		8F1E49181F6C507C0051FC8C /* imgui_internal.h */ = {isa = PBXFileReference; fileEncoding = 4; lastKnownFileType = sourcecode.c.h; path = imgui_internal.h; sourceTree = "<group>"; };
		8F1E49191F6C507C0051FC8C /* stb_rect_pack.h */ = {isa = PBXFileReference; fileEncoding = 4; lastKnownFileType = sourcecode.c.h; path = stb_rect_pack.h; sourceTree = "<group>"; };
		8F1E491A1F6C507C0051FC8C /* stb_textedit.h */ = {isa = PBXFileReference; fileEncoding = 4; lastKnownFileType = sourcecode.c.h; path = stb_textedit.h; sourceTree = "<group>"; };
		8F1E491B1F6C507C0051FC8C /* stb_truetype.h */ = {isa = PBXFileReference; fileEncoding = 4; lastKnownFileType = sourcecode.c.h; path = stb_truetype.h; sourceTree = "<group>"; };
		8F1E491C1F6C507C0051FC8C /* main.cpp */ = {isa = PBXFileReference; fileEncoding = 4; lastKnownFileType = sourcecode.cpp.cpp; name = main.cpp; path = src/main.cpp; sourceTree = SOURCE_ROOT; };
		8F1E491D1F6C507C0051FC8C /* mesh_renderer.cpp */ = {isa = PBXFileReference; fileEncoding = 4; lastKnownFileType = sourcecode.cpp.cpp; name = mesh_renderer.cpp; path = src/mesh_renderer.cpp; sourceTree = SOURCE_ROOT; };
		8F1E491E1F6C507C0051FC8C /* mesh_renderer.hpp */ = {isa = PBXFileReference; fileEncoding = 4; lastKnownFileType = sourcecode.cpp.h; name = mesh_renderer.hpp; path = src/mesh_renderer.hpp; sourceTree = SOURCE_ROOT; };
		8F1E491F1F6C507C0051FC8C /* minitrace.c */ = {isa = PBXFileReference; fileEncoding = 4; lastKnownFileType = sourcecode.c.c; name = minitrace.c; path = src/minitrace.c; sourceTree = SOURCE_ROOT; };
		8F1E49201F6C507C0051FC8C /* minitrace.h */ = {isa = PBXFileReference; fileEncoding = 4; lastKnownFileType = sourcecode.c.h; name = minitrace.h; path = src/minitrace.h; sourceTree = SOURCE_ROOT; };
		8F1E49221F6C507C0051FC8C /* common.cc */ = {isa = PBXFileReference; fileEncoding = 4; lastKnownFileType = sourcecode.cpp.cpp; path = common.cc; sourceTree = "<group>"; };
		8F1E49231F6C507C0051FC8C /* common.h */ = {isa = PBXFileReference; fileEncoding = 4; lastKnownFileType = sourcecode.c.h; path = common.h; sourceTree = "<group>"; };
		8F1E49241F6C507C0051FC8C /* LearnGAB.cc */ = {isa = PBXFileReference; fileEncoding = 4; lastKnownFileType = sourcecode.cpp.cpp; path = LearnGAB.cc; sourceTree = "<group>"; };
		8F1E49251F6C507C0051FC8C /* LearnGAB.h */ = {isa = PBXFileReference; fileEncoding = 4; lastKnownFileType = sourcecode.c.h; path = LearnGAB.h; sourceTree = "<group>"; };
		8F1E49261F6C507C0051FC8C /* TrainDetector.cc */ = {isa = PBXFileReference; fileEncoding = 4; lastKnownFileType = sourcecode.cpp.cpp; path = TrainDetector.cc; sourceTree = "<group>"; };
		8F1E49271F6C507C0051FC8C /* TrainDetector.h */ = {isa = PBXFileReference; fileEncoding = 4; lastKnownFileType = sourcecode.c.h; path = TrainDetector.h; sourceTree = "<group>"; };
		8F1E49281F6C507C0051FC8C /* obj_loader.hpp */ = {isa = PBXFileReference; fileEncoding = 4; lastKnownFileType = sourcecode.cpp.h; name = obj_loader.hpp; path = src/obj_loader.hpp; sourceTree = SOURCE_ROOT; };
		8F1E49291F6C507C0051FC8C /* p2d_optimizer.cpp */ = {isa = PBXFileReference; fileEncoding = 4; lastKnownFileType = sourcecode.cpp.cpp; name = p2d_optimizer.cpp; path = src/p2d_optimizer.cpp; sourceTree = SOURCE_ROOT; };
		8F1E492A1F6C507C0051FC8C /* p2d_optimizer.h */ = {isa = PBXFileReference; fileEncoding = 4; lastKnownFileType = sourcecode.c.h; name = p2d_optimizer.h; path = src/p2d_optimizer.h; sourceTree = SOURCE_ROOT; };
		8F1E492B1F6C507C0051FC8C /* p2d_renderer.cpp */ = {isa = PBXFileReference; fileEncoding = 4; lastKnownFileType = sourcecode.cpp.cpp; name = p2d_renderer.cpp; path = src/p2d_renderer.cpp; sourceTree = SOURCE_ROOT; };
		8F1E492C1F6C507C0051FC8C /* p2d_renderer.hpp */ = {isa = PBXFileReference; fileEncoding = 4; lastKnownFileType = sourcecode.cpp.h; name = p2d_renderer.hpp; path = src/p2d_renderer.hpp; sourceTree = SOURCE_ROOT; };
		8F1E492D1F6C507C0051FC8C /* p3d_renderer.cpp */ = {isa = PBXFileReference; fileEncoding = 4; lastKnownFileType = sourcecode.cpp.cpp; name = p3d_renderer.cpp; path = src/p3d_renderer.cpp; sourceTree = SOURCE_ROOT; };
		8F1E492E1F6C507C0051FC8C /* p3d_renderer.hpp */ = {isa = PBXFileReference; fileEncoding = 4; lastKnownFileType = sourcecode.cpp.h; name = p3d_renderer.hpp; path = src/p3d_renderer.hpp; sourceTree = SOURCE_ROOT; };
		8F1E492F1F6C507C0051FC8C /* renderer.cpp */ = {isa = PBXFileReference; fileEncoding = 4; lastKnownFileType = sourcecode.cpp.cpp; name = renderer.cpp; path = src/renderer.cpp; sourceTree = SOURCE_ROOT; };
		8F1E49301F6C507C0051FC8C /* renderer.hpp */ = {isa = PBXFileReference; fileEncoding = 4; lastKnownFileType = sourcecode.cpp.h; name = renderer.hpp; path = src/renderer.hpp; sourceTree = SOURCE_ROOT; };
		8F1E49311F6C507C0051FC8C /* sh_optimizer.cpp */ = {isa = PBXFileReference; fileEncoding = 4; lastKnownFileType = sourcecode.cpp.cpp; name = sh_optimizer.cpp; path = src/sh_optimizer.cpp; sourceTree = SOURCE_ROOT; };
		8F1E49321F6C507C0051FC8C /* sh_optimizer.hpp */ = {isa = PBXFileReference; fileEncoding = 4; lastKnownFileType = sourcecode.cpp.h; name = sh_optimizer.hpp; path = src/sh_optimizer.hpp; sourceTree = SOURCE_ROOT; };
		8F1E49331F6C507C0051FC8C /* tiny_obj_loader.cc */ = {isa = PBXFileReference; fileEncoding = 4; lastKnownFileType = sourcecode.cpp.cpp; name = tiny_obj_loader.cc; path = src/tiny_obj_loader.cc; sourceTree = SOURCE_ROOT; };
		8F1E49341F6C507C0051FC8C /* tiny_obj_loader.h */ = {isa = PBXFileReference; fileEncoding = 4; lastKnownFileType = sourcecode.c.h; name = tiny_obj_loader.h; path = src/tiny_obj_loader.h; sourceTree = SOURCE_ROOT; };
		8F1E49351F6C507C0051FC8C /* trackball.cpp */ = {isa = PBXFileReference; fileEncoding = 4; lastKnownFileType = sourcecode.cpp.cpp; name = trackball.cpp; path = src/trackball.cpp; sourceTree = SOURCE_ROOT; };
		8F1E49361F6C507C0051FC8C /* trackball.hpp */ = {isa = PBXFileReference; fileEncoding = 4; lastKnownFileType = sourcecode.cpp.h; name = trackball.hpp; path = src/trackball.hpp; sourceTree = SOURCE_ROOT; };
		8F1E49591F6C517F0051FC8C /* source.cpp */ = {isa = PBXFileReference; fileEncoding = 4; lastKnownFileType = sourcecode.cpp.cpp; name = source.cpp; path = external/dlib/all/source.cpp; sourceTree = SOURCE_ROOT; };
		8F1E496D1F6C7B4F0051FC8C /* fern.cc */ = {isa = PBXFileReference; fileEncoding = 4; lastKnownFileType = sourcecode.cpp.cpp; name = fern.cc; path = src/regressor/fern.cc; sourceTree = SOURCE_ROOT; };
		8F1E496E1F6C7B4F0051FC8C /* fern.h */ = {isa = PBXFileReference; fileEncoding = 4; lastKnownFileType = sourcecode.c.h; name = fern.h; path = src/regressor/fern.h; sourceTree = SOURCE_ROOT; };
		8F1E496F1F6C7B4F0051FC8C /* regressor.cc */ = {isa = PBXFileReference; fileEncoding = 4; lastKnownFileType = sourcecode.cpp.cpp; name = regressor.cc; path = src/regressor/regressor.cc; sourceTree = SOURCE_ROOT; };
		8F1E49701F6C7B4F0051FC8C /* regressor.h */ = {isa = PBXFileReference; fileEncoding = 4; lastKnownFileType = sourcecode.c.h; name = regressor.h; path = src/regressor/regressor.h; sourceTree = SOURCE_ROOT; };
		8F1E49711F6C7B4F0051FC8C /* model.cc */ = {isa = PBXFileReference; fileEncoding = 4; lastKnownFileType = sourcecode.cpp.cpp; name = model.cc; path = src/regressor/model.cc; sourceTree = SOURCE_ROOT; };
		8F1E49721F6C7B4F0051FC8C /* model.h */ = {isa = PBXFileReference; fileEncoding = 4; lastKnownFileType = sourcecode.c.h; name = model.h; path = src/regressor/model.h; sourceTree = SOURCE_ROOT; };
		8F1E49761F70DDCF0051FC8C /* train_util.cpp */ = {isa = PBXFileReference; fileEncoding = 4; lastKnownFileType = sourcecode.cpp.cpp; name = train_util.cpp; path = src/regressor/train_util.cpp; sourceTree = SOURCE_ROOT; };
		8F1E49771F70DDCF0051FC8C /* train_util.hpp */ = {isa = PBXFileReference; fileEncoding = 4; lastKnownFileType = sourcecode.cpp.h; name = train_util.hpp; path = src/regressor/train_util.hpp; sourceTree = SOURCE_ROOT; };
		8F212E801F50C5CD005099A2 /* OpenGL.framework */ = {isa = PBXFileReference; lastKnownFileType = wrapper.framework; name = OpenGL.framework; path = System/Library/Frameworks/OpenGL.framework; sourceTree = SDKROOT; };
		8F3454131EEC9E30007B479B /* RenderingTemplate */ = {isa = PBXFileReference; explicitFileType = "compiled.mach-o.executable"; includeInIndex = 0; name = RenderingTemplate; path = face_toolkit; sourceTree = BUILT_PRODUCTS_DIR; };
		8F3454231EECA18F007B479B /* libgflags.2.2.0.dylib */ = {isa = PBXFileReference; lastKnownFileType = "compiled.mach-o.dylib"; name = libgflags.2.2.0.dylib; path = external/gflags/lib/mac/libgflags.2.2.0.dylib; sourceTree = "<group>"; };
		8F3454251EECA1A0007B479B /* libGLEW.a */ = {isa = PBXFileReference; lastKnownFileType = archive.ar; name = libGLEW.a; path = external/glew/lib/libGLEW.a; sourceTree = "<group>"; };
		8F3454271EECA1AF007B479B /* libopencv_world.3.2.0.dylib */ = {isa = PBXFileReference; lastKnownFileType = "compiled.mach-o.dylib"; name = libopencv_world.3.2.0.dylib; path = external/opencv/lib/mac/libopencv_world.3.2.0.dylib; sourceTree = "<group>"; };
		8F4B76F51F7DDF1700033525 /* SPSCQueue.h */ = {isa = PBXFileReference; fileEncoding = 4; lastKnownFileType = sourcecode.c.h; name = SPSCQueue.h; path = src/SPSCQueue.h; sourceTree = SOURCE_ROOT; };
		8F4B76F61F7EB4F900033525 /* module.cpp */ = {isa = PBXFileReference; fileEncoding = 4; lastKnownFileType = sourcecode.cpp.cpp; name = module.cpp; path = src/module.cpp; sourceTree = SOURCE_ROOT; };
		8F4B76F71F7EB4F900033525 /* module.hpp */ = {isa = PBXFileReference; fileEncoding = 4; lastKnownFileType = sourcecode.cpp.h; name = module.hpp; path = src/module.hpp; sourceTree = SOURCE_ROOT; };
		8F4B76F91F7EB6EE00033525 /* capture_module.cpp */ = {isa = PBXFileReference; fileEncoding = 4; lastKnownFileType = sourcecode.cpp.cpp; name = capture_module.cpp; path = src/capture_module.cpp; sourceTree = SOURCE_ROOT; };
		8F4B76FA1F7EB6EE00033525 /* capture_module.hpp */ = {isa = PBXFileReference; fileEncoding = 4; lastKnownFileType = sourcecode.cpp.h; name = capture_module.hpp; path = src/capture_module.hpp; sourceTree = SOURCE_ROOT; };
		8FDF97571F50EAFD0038065A /* full_texture_bgr.frag */ = {isa = PBXFileReference; lastKnownFileType = sourcecode.glsl; path = full_texture_bgr.frag; sourceTree = "<group>"; };
		8FDF97581F50EAFD0038065A /* full_texture_bgr.vert */ = {isa = PBXFileReference; lastKnownFileType = sourcecode.glsl; path = full_texture_bgr.vert; sourceTree = "<group>"; };
		8FDF975D1F50ED910038065A /* point2d.frag */ = {isa = PBXFileReference; lastKnownFileType = sourcecode.glsl; path = point2d.frag; sourceTree = "<group>"; };
		8FDF975E1F50ED910038065A /* point2d.vert */ = {isa = PBXFileReference; lastKnownFileType = sourcecode.glsl; path = point2d.vert; sourceTree = "<group>"; };
		8FDF975F1F50ED9C0038065A /* point3d.frag */ = {isa = PBXFileReference; lastKnownFileType = sourcecode.glsl; path = point3d.frag; sourceTree = "<group>"; };
		8FDF97601F50ED9C0038065A /* point3d.vert */ = {isa = PBXFileReference; lastKnownFileType = sourcecode.glsl; path = point3d.vert; sourceTree = "<group>"; };
		8FDF97611F50EF910038065A /* face2face.frag */ = {isa = PBXFileReference; lastKnownFileType = sourcecode.glsl; path = face2face.frag; sourceTree = "<group>"; };
		8FDF97621F50EF910038065A /* face2face.geom */ = {isa = PBXFileReference; lastKnownFileType = sourcecode.glsl; path = face2face.geom; sourceTree = "<group>"; };
		8FDF97631F50EF910038065A /* face2face.vert */ = {isa = PBXFileReference; lastKnownFileType = sourcecode.glsl; path = face2face.vert; sourceTree = "<group>"; };
		8FDF97641F50EFC60038065A /* face2face_preview.frag */ = {isa = PBXFileReference; lastKnownFileType = sourcecode.glsl; path = face2face_preview.frag; sourceTree = "<group>"; };
		8FDF97651F50EFC60038065A /* face2face_preview.vert */ = {isa = PBXFileReference; lastKnownFileType = sourcecode.glsl; path = face2face_preview.vert; sourceTree = "<group>"; };
		8FDF97661F50F3220038065A /* mesh.frag */ = {isa = PBXFileReference; lastKnownFileType = sourcecode.glsl; path = mesh.frag; sourceTree = "<group>"; };
		8FDF97671F50F3220038065A /* mesh.vert */ = {isa = PBXFileReference; lastKnownFileType = sourcecode.glsl; path = mesh.vert; sourceTree = "<group>"; };
		8FE2955B1F61FD620021E914 /* libglfw3.a */ = {isa = PBXFileReference; lastKnownFileType = archive.ar; name = libglfw3.a; path = external/glfw/lib/libglfw3.a; sourceTree = "<group>"; };
		8FE2955D1F61FD9C0021E914 /* CoreVideo.framework */ = {isa = PBXFileReference; lastKnownFileType = wrapper.framework; name = CoreVideo.framework; path = System/Library/Frameworks/CoreVideo.framework; sourceTree = SDKROOT; };
		8FE2955E1F61FD9C0021E914 /* IOKit.framework */ = {isa = PBXFileReference; lastKnownFileType = wrapper.framework; name = IOKit.framework; path = System/Library/Frameworks/IOKit.framework; sourceTree = SDKROOT; };
		8FE2955F1F61FD9C0021E914 /* Cocoa.framework */ = {isa = PBXFileReference; lastKnownFileType = wrapper.framework; name = Cocoa.framework; path = System/Library/Frameworks/Cocoa.framework; sourceTree = SDKROOT; };
/* End PBXFileReference section */

/* Begin PBXFrameworksBuildPhase section */
		8F3454101EEC9E30007B479B /* Frameworks */ = {
			isa = PBXFrameworksBuildPhase;
			buildActionMask = 2147483647;
			files = (
				8FE295621F61FD9C0021E914 /* Cocoa.framework in Frameworks */,
				8F3454241EECA18F007B479B /* libgflags.2.2.0.dylib in Frameworks */,
				8FE2955C1F61FD620021E914 /* libglfw3.a in Frameworks */,
				8F3454281EECA1AF007B479B /* libopencv_world.3.2.0.dylib in Frameworks */,
				8F212E811F50C5CD005099A2 /* OpenGL.framework in Frameworks */,
				8F3454261EECA1A0007B479B /* libGLEW.a in Frameworks */,
				8FE295611F61FD9C0021E914 /* IOKit.framework in Frameworks */,
				8FE295601F61FD9C0021E914 /* CoreVideo.framework in Frameworks */,
			);
			runOnlyForDeploymentPostprocessing = 0;
		};
/* End PBXFrameworksBuildPhase section */

/* Begin PBXGroup section */
		8F1E49101F6C507C0051FC8C /* imgui */ = {
			isa = PBXGroup;
			children = (
				8F1E49111F6C507C0051FC8C /* imconfig.h */,
				8F1E49121F6C507C0051FC8C /* imgui.cpp */,
				8F1E49131F6C507C0051FC8C /* imgui.h */,
				8F1E49141F6C507C0051FC8C /* imgui_demo.cpp */,
				8F1E49151F6C507C0051FC8C /* imgui_draw.cpp */,
				8F1E49161F6C507C0051FC8C /* imgui_impl_glfw_gl3.cpp */,
				8F1E49171F6C507C0051FC8C /* imgui_impl_glfw_gl3.h */,
				8F1E49181F6C507C0051FC8C /* imgui_internal.h */,
				8F1E49191F6C507C0051FC8C /* stb_rect_pack.h */,
				8F1E491A1F6C507C0051FC8C /* stb_textedit.h */,
				8F1E491B1F6C507C0051FC8C /* stb_truetype.h */,
			);
			name = imgui;
			path = src/imgui;
			sourceTree = SOURCE_ROOT;
		};
		8F1E49211F6C507C0051FC8C /* NPD */ = {
			isa = PBXGroup;
			children = (
				8F1E49221F6C507C0051FC8C /* common.cc */,
				8F1E49231F6C507C0051FC8C /* common.h */,
				8F1E49241F6C507C0051FC8C /* LearnGAB.cc */,
				8F1E49251F6C507C0051FC8C /* LearnGAB.h */,
				8F1E49261F6C507C0051FC8C /* TrainDetector.cc */,
				8F1E49271F6C507C0051FC8C /* TrainDetector.h */,
			);
			name = NPD;
			path = src/NPD;
			sourceTree = SOURCE_ROOT;
		};
		8F1E49541F6C50830051FC8C /* utility */ = {
			isa = PBXGroup;
			children = (
				8F1E49101F6C507C0051FC8C /* imgui */,
				8F1E49211F6C507C0051FC8C /* NPD */,
				8F4B76F51F7DDF1700033525 /* SPSCQueue.h */,
				8F1E48FE1F6C507C0051FC8C /* face_2dtracker.cc */,
				8F1E48FF1F6C507C0051FC8C /* face_2dtracker.h */,
				8F1E48F71F6C507C0051FC8C /* camera.cpp */,
				8F1E48F81F6C507C0051FC8C /* camera.hpp */,
				8F1E48F91F6C507C0051FC8C /* EigenHelper.h */,
				8F1E49061F6C507C0051FC8C /* fps.hpp */,
				8F1E491F1F6C507C0051FC8C /* minitrace.c */,
				8F1E49201F6C507C0051FC8C /* minitrace.h */,
				8F1E49281F6C507C0051FC8C /* obj_loader.hpp */,
				8F1E49331F6C507C0051FC8C /* tiny_obj_loader.cc */,
				8F1E49341F6C507C0051FC8C /* tiny_obj_loader.h */,
				8F1E49351F6C507C0051FC8C /* trackball.cpp */,
				8F1E49361F6C507C0051FC8C /* trackball.hpp */,
			);
			name = utility;
			sourceTree = "<group>";
		};
		8F1E49551F6C50AC0051FC8C /* gl_utility */ = {
			isa = PBXGroup;
			children = (
				8F1E49071F6C507C0051FC8C /* framebuffer.cpp */,
				8F1E49081F6C507C0051FC8C /* framebuffer.hpp */,
				8F1E49091F6C507C0051FC8C /* gl_core.cpp */,
				8F1E490A1F6C507C0051FC8C /* gl_core.hpp */,
				8F1E490B1F6C507C0051FC8C /* gl_mesh.cpp */,
				8F1E490C1F6C507C0051FC8C /* gl_mesh.hpp */,
				8F1E490D1F6C507C0051FC8C /* gl_utils.h */,
			);
			name = gl_utility;
			sourceTree = "<group>";
		};
		8F1E49561F6C50CB0051FC8C /* renderer */ = {
			isa = PBXGroup;
			children = (
				8F1E48F51F6C507C0051FC8C /* bg_renderer.cpp */,
				8F1E48F61F6C507C0051FC8C /* bg_renderer.hpp */,
				8F1E48FC1F6C507C0051FC8C /* f2f_renderer.cpp */,
				8F1E48FD1F6C507C0051FC8C /* f2f_renderer.hpp */,
				8F1E491D1F6C507C0051FC8C /* mesh_renderer.cpp */,
				8F1E491E1F6C507C0051FC8C /* mesh_renderer.hpp */,
				8F1E492B1F6C507C0051FC8C /* p2d_renderer.cpp */,
				8F1E492C1F6C507C0051FC8C /* p2d_renderer.hpp */,
				8F1E492D1F6C507C0051FC8C /* p3d_renderer.cpp */,
				8F1E492E1F6C507C0051FC8C /* p3d_renderer.hpp */,
			);
			name = renderer;
			sourceTree = "<group>";
		};
		8F1E49571F6C50E70051FC8C /* optimizer */ = {
			isa = PBXGroup;
			children = (
				8F1E48FA1F6C507C0051FC8C /* f2f_optimizer.cpp */,
				8F1E48FB1F6C507C0051FC8C /* f2f_optimizer.h */,
				8F1E49001F6C507C0051FC8C /* face_gradient.cpp */,
				8F1E49011F6C507C0051FC8C /* face_gradient.h */,
				8F1E49291F6C507C0051FC8C /* p2d_optimizer.cpp */,
				8F1E492A1F6C507C0051FC8C /* p2d_optimizer.h */,
				8F1E49311F6C507C0051FC8C /* sh_optimizer.cpp */,
				8F1E49321F6C507C0051FC8C /* sh_optimizer.hpp */,
			);
			name = optimizer;
			sourceTree = "<group>";
		};
		8F1E49581F6C51000051FC8C /* module */ = {
			isa = PBXGroup;
			children = (
				8F4B76F61F7EB4F900033525 /* module.cpp */,
				8F4B76F71F7EB4F900033525 /* module.hpp */,
				8F4B76F91F7EB6EE00033525 /* capture_module.cpp */,
				8F4B76FA1F7EB6EE00033525 /* capture_module.hpp */,
				8F1E49041F6C507C0051FC8C /* face_module.cpp */,
				8F1E49051F6C507C0051FC8C /* face_module.hpp */,
				8F1E492F1F6C507C0051FC8C /* renderer.cpp */,
				8F1E49301F6C507C0051FC8C /* renderer.hpp */,
			);
			name = module;
			sourceTree = "<group>";
		};
		8F34540A1EEC9E30007B479B = {
			isa = PBXGroup;
			children = (
				8FE2955D1F61FD9C0021E914 /* CoreVideo.framework */,
				8FE2955E1F61FD9C0021E914 /* IOKit.framework */,
				8FE2955F1F61FD9C0021E914 /* Cocoa.framework */,
				8F212E801F50C5CD005099A2 /* OpenGL.framework */,
				8F3454251EECA1A0007B479B /* libGLEW.a */,
				8FE2955B1F61FD620021E914 /* libglfw3.a */,
				8F3454231EECA18F007B479B /* libgflags.2.2.0.dylib */,
				8F3454271EECA1AF007B479B /* libopencv_world.3.2.0.dylib */,
				8FDF97531F50EAFD0038065A /* shaders */,
				8F3454151EEC9E30007B479B /* src */,
				8F3454141EEC9E30007B479B /* Products */,
			);
			sourceTree = "<group>";
		};
		8F3454141EEC9E30007B479B /* Products */ = {
			isa = PBXGroup;
			children = (
				8F3454131EEC9E30007B479B /* RenderingTemplate */,
			);
			name = Products;
			sourceTree = "<group>";
		};
		8F3454151EEC9E30007B479B /* src */ = {
			isa = PBXGroup;
			children = (
				8F4B76FD1F80C29800033525 /* application */,
				8F1E49591F6C517F0051FC8C /* source.cpp */,
				8F4B76FC1F80434E00033525 /* shape_model */,
				8F1E49581F6C51000051FC8C /* module */,
				8F1E49571F6C50E70051FC8C /* optimizer */,
				8F1E49561F6C50CB0051FC8C /* renderer */,
				8F530E0D1F71A12D00E4380E /* regressor */,
				8F1E49541F6C50830051FC8C /* utility */,
				8F1E49551F6C50AC0051FC8C /* gl_utility */,
				8F1E491C1F6C507C0051FC8C /* main.cpp */,
			);
			name = src;
			path = RenderingTemplate;
			sourceTree = "<group>";
		};
		8F4B76FC1F80434E00033525 /* shape_model */ = {
			isa = PBXGroup;
			children = (
				8F1E49021F6C507C0051FC8C /* face_model.cpp */,
				8F1E49031F6C507C0051FC8C /* face_model.hpp */,
			);
			name = shape_model;
			sourceTree = "<group>";
		};
		8F4B76FD1F80C29800033525 /* application */ = {
			isa = PBXGroup;
			children = (
				8F1E490E1F6C507C0051FC8C /* gui.cpp */,
				8F1E490F1F6C507C0051FC8C /* gui.hpp */,
			);
			name = application;
			sourceTree = "<group>";
		};
		8F530E0D1F71A12D00E4380E /* regressor */ = {
			isa = PBXGroup;
			children = (
				8F1E496D1F6C7B4F0051FC8C /* fern.cc */,
				8F1E496E1F6C7B4F0051FC8C /* fern.h */,
				8F1E496F1F6C7B4F0051FC8C /* regressor.cc */,
				8F1E49701F6C7B4F0051FC8C /* regressor.h */,
				8F1E49711F6C7B4F0051FC8C /* model.cc */,
				8F1E49721F6C7B4F0051FC8C /* model.h */,
				8F1E49761F70DDCF0051FC8C /* train_util.cpp */,
				8F1E49771F70DDCF0051FC8C /* train_util.hpp */,
			);
			name = regressor;
			sourceTree = "<group>";
		};
		8FDF97531F50EAFD0038065A /* shaders */ = {
			isa = PBXGroup;
			children = (
				8FDF97661F50F3220038065A /* mesh.frag */,
				8FDF97671F50F3220038065A /* mesh.vert */,
				8FDF97571F50EAFD0038065A /* full_texture_bgr.frag */,
				8FDF97581F50EAFD0038065A /* full_texture_bgr.vert */,
				8FDF97611F50EF910038065A /* face2face.frag */,
				8FDF97621F50EF910038065A /* face2face.geom */,
				8FDF97631F50EF910038065A /* face2face.vert */,
				8FDF97641F50EFC60038065A /* face2face_preview.frag */,
				8FDF97651F50EFC60038065A /* face2face_preview.vert */,
				8FDF975D1F50ED910038065A /* point2d.frag */,
				8FDF975E1F50ED910038065A /* point2d.vert */,
				8FDF975F1F50ED9C0038065A /* point3d.frag */,
				8FDF97601F50ED9C0038065A /* point3d.vert */,
			);
			path = shaders;
			sourceTree = "<group>";
		};
/* End PBXGroup section */

/* Begin PBXNativeTarget section */
		8F3454121EEC9E30007B479B /* face_toolkit */ = {
			isa = PBXNativeTarget;
			buildConfigurationList = 8F34541A1EEC9E30007B479B /* Build configuration list for PBXNativeTarget "face_toolkit" */;
			buildPhases = (
				8F34540F1EEC9E30007B479B /* Sources */,
				8F3454101EEC9E30007B479B /* Frameworks */,
				8F3454111EEC9E30007B479B /* CopyFiles */,
			);
			buildRules = (
			);
			dependencies = (
			);
			name = face_toolkit;
			productName = RenderingTemplate;
			productReference = 8F3454131EEC9E30007B479B /* RenderingTemplate */;
			productType = "com.apple.product-type.tool";
		};
/* End PBXNativeTarget section */

/* Begin PBXProject section */
		8F34540B1EEC9E30007B479B /* Project object */ = {
			isa = PBXProject;
			attributes = {
				LastUpgradeCheck = 0820;
				ORGANIZATIONNAME = "Shunsuke Saito";
				TargetAttributes = {
					8F3454121EEC9E30007B479B = {
						CreatedOnToolsVersion = 8.2.1;
						ProvisioningStyle = Automatic;
					};
				};
			};
			buildConfigurationList = 8F34540E1EEC9E30007B479B /* Build configuration list for PBXProject "face_toolkit" */;
			compatibilityVersion = "Xcode 3.2";
			developmentRegion = English;
			hasScannedForEncodings = 0;
			knownRegions = (
				en,
			);
			mainGroup = 8F34540A1EEC9E30007B479B;
			productRefGroup = 8F3454141EEC9E30007B479B /* Products */;
			projectDirPath = "";
			projectRoot = "";
			targets = (
				8F3454121EEC9E30007B479B /* face_toolkit */,
			);
		};
/* End PBXProject section */

/* Begin PBXSourcesBuildPhase section */
		8F34540F1EEC9E30007B479B /* Sources */ = {
			isa = PBXSourcesBuildPhase;
			buildActionMask = 2147483647;
			files = (
				8F1E493C1F6C507C0051FC8C /* face_gradient.cpp in Sources */,
				8F1E49431F6C507C0051FC8C /* imgui.cpp in Sources */,
				8F1E49411F6C507C0051FC8C /* gl_mesh.cpp in Sources */,
				8F1E49451F6C507C0051FC8C /* imgui_draw.cpp in Sources */,
				8F1E49401F6C507C0051FC8C /* gl_core.cpp in Sources */,
				8F1E49751F6C7B4F0051FC8C /* model.cc in Sources */,
				8F1E494E1F6C507C0051FC8C /* p2d_renderer.cpp in Sources */,
				8F1E49501F6C507C0051FC8C /* renderer.cpp in Sources */,
				8F4B76FB1F7EB6EE00033525 /* capture_module.cpp in Sources */,
				8F1E494D1F6C507C0051FC8C /* p2d_optimizer.cpp in Sources */,
				8F1E494B1F6C507C0051FC8C /* LearnGAB.cc in Sources */,
				8F1E49511F6C507C0051FC8C /* sh_optimizer.cpp in Sources */,
				8F1E495A1F6C517F0051FC8C /* source.cpp in Sources */,
				8F1E49471F6C507C0051FC8C /* main.cpp in Sources */,
				8F1E49381F6C507C0051FC8C /* camera.cpp in Sources */,
				8F1E49731F6C7B4F0051FC8C /* fern.cc in Sources */,
				8F1E49741F6C7B4F0051FC8C /* regressor.cc in Sources */,
				8F1E493B1F6C507C0051FC8C /* face_2dtracker.cc in Sources */,
				8F1E493A1F6C507C0051FC8C /* f2f_renderer.cpp in Sources */,
				8F1E49521F6C507C0051FC8C /* tiny_obj_loader.cc in Sources */,
				8F1E49461F6C507C0051FC8C /* imgui_impl_glfw_gl3.cpp in Sources */,
				8F1E493F1F6C507C0051FC8C /* framebuffer.cpp in Sources */,
				8F1E49531F6C507C0051FC8C /* trackball.cpp in Sources */,
				8F1E493E1F6C507C0051FC8C /* face_module.cpp in Sources */,
				8F1E49371F6C507C0051FC8C /* bg_renderer.cpp in Sources */,
				8F1E49421F6C507C0051FC8C /* gui.cpp in Sources */,
				8F1E494F1F6C507C0051FC8C /* p3d_renderer.cpp in Sources */,
				8F1E494A1F6C507C0051FC8C /* common.cc in Sources */,
				8F4B76F81F7EB4F900033525 /* module.cpp in Sources */,
				8F1E493D1F6C507C0051FC8C /* face_model.cpp in Sources */,
				8F1E49491F6C507C0051FC8C /* minitrace.c in Sources */,
				8F1E494C1F6C507C0051FC8C /* TrainDetector.cc in Sources */,
				8F1E49781F70DDCF0051FC8C /* train_util.cpp in Sources */,
				8F1E49441F6C507C0051FC8C /* imgui_demo.cpp in Sources */,
				8F1E49391F6C507C0051FC8C /* f2f_optimizer.cpp in Sources */,
				8F1E49481F6C507C0051FC8C /* mesh_renderer.cpp in Sources */,
			);
			runOnlyForDeploymentPostprocessing = 0;
		};
/* End PBXSourcesBuildPhase section */

/* Begin XCBuildConfiguration section */
		8F3454181EEC9E30007B479B /* Debug */ = {
			isa = XCBuildConfiguration;
			buildSettings = {
				ALWAYS_SEARCH_USER_PATHS = NO;
				CLANG_ANALYZER_NONNULL = YES;
				CLANG_CXX_LANGUAGE_STANDARD = "gnu++0x";
				CLANG_CXX_LIBRARY = "libc++";
				CLANG_ENABLE_MODULES = YES;
				CLANG_ENABLE_OBJC_ARC = YES;
				CLANG_WARN_BOOL_CONVERSION = YES;
				CLANG_WARN_CONSTANT_CONVERSION = YES;
				CLANG_WARN_DIRECT_OBJC_ISA_USAGE = YES_ERROR;
				CLANG_WARN_DOCUMENTATION_COMMENTS = YES;
				CLANG_WARN_EMPTY_BODY = YES;
				CLANG_WARN_ENUM_CONVERSION = YES;
				CLANG_WARN_INFINITE_RECURSION = YES;
				CLANG_WARN_INT_CONVERSION = YES;
				CLANG_WARN_OBJC_ROOT_CLASS = YES_ERROR;
				CLANG_WARN_SUSPICIOUS_MOVE = YES;
				CLANG_WARN_UNREACHABLE_CODE = YES;
				CLANG_WARN__DUPLICATE_METHOD_MATCH = YES;
				CODE_SIGN_IDENTITY = "-";
				COPY_PHASE_STRIP = NO;
				DEBUG_INFORMATION_FORMAT = dwarf;
				ENABLE_STRICT_OBJC_MSGSEND = YES;
				ENABLE_TESTABILITY = YES;
				GCC_C_LANGUAGE_STANDARD = gnu99;
				GCC_DYNAMIC_NO_PIC = NO;
				GCC_NO_COMMON_BLOCKS = YES;
				GCC_OPTIMIZATION_LEVEL = 0;
				GCC_PREPROCESSOR_DEFINITIONS = (
					"DEBUG=1",
					"$(inherited)",
				);
				GCC_WARN_64_TO_32_BIT_CONVERSION = YES;
				GCC_WARN_ABOUT_RETURN_TYPE = YES_ERROR;
				GCC_WARN_UNDECLARED_SELECTOR = YES;
				GCC_WARN_UNINITIALIZED_AUTOS = YES_AGGRESSIVE;
				GCC_WARN_UNUSED_FUNCTION = YES;
				GCC_WARN_UNUSED_VARIABLE = YES;
				MACOSX_DEPLOYMENT_TARGET = 10.12;
				MTL_ENABLE_DEBUG_INFO = YES;
				ONLY_ACTIVE_ARCH = YES;
				SDKROOT = macosx;
			};
			name = Debug;
		};
		8F3454191EEC9E30007B479B /* Release */ = {
			isa = XCBuildConfiguration;
			buildSettings = {
				ALWAYS_SEARCH_USER_PATHS = NO;
				CLANG_ANALYZER_NONNULL = YES;
				CLANG_CXX_LANGUAGE_STANDARD = "gnu++0x";
				CLANG_CXX_LIBRARY = "libc++";
				CLANG_ENABLE_MODULES = YES;
				CLANG_ENABLE_OBJC_ARC = YES;
				CLANG_WARN_BOOL_CONVERSION = YES;
				CLANG_WARN_CONSTANT_CONVERSION = YES;
				CLANG_WARN_DIRECT_OBJC_ISA_USAGE = YES_ERROR;
				CLANG_WARN_DOCUMENTATION_COMMENTS = YES;
				CLANG_WARN_EMPTY_BODY = YES;
				CLANG_WARN_ENUM_CONVERSION = YES;
				CLANG_WARN_INFINITE_RECURSION = YES;
				CLANG_WARN_INT_CONVERSION = YES;
				CLANG_WARN_OBJC_ROOT_CLASS = YES_ERROR;
				CLANG_WARN_SUSPICIOUS_MOVE = YES;
				CLANG_WARN_UNREACHABLE_CODE = YES;
				CLANG_WARN__DUPLICATE_METHOD_MATCH = YES;
				CODE_SIGN_IDENTITY = "-";
				COPY_PHASE_STRIP = NO;
				DEBUG_INFORMATION_FORMAT = "dwarf-with-dsym";
				ENABLE_NS_ASSERTIONS = NO;
				ENABLE_STRICT_OBJC_MSGSEND = YES;
				GCC_C_LANGUAGE_STANDARD = gnu99;
				GCC_NO_COMMON_BLOCKS = YES;
				GCC_WARN_64_TO_32_BIT_CONVERSION = YES;
				GCC_WARN_ABOUT_RETURN_TYPE = YES_ERROR;
				GCC_WARN_UNDECLARED_SELECTOR = YES;
				GCC_WARN_UNINITIALIZED_AUTOS = YES_AGGRESSIVE;
				GCC_WARN_UNUSED_FUNCTION = YES;
				GCC_WARN_UNUSED_VARIABLE = YES;
				MACOSX_DEPLOYMENT_TARGET = 10.12;
				MTL_ENABLE_DEBUG_INFO = NO;
				SDKROOT = macosx;
			};
			name = Release;
		};
		8F34541B1EEC9E30007B479B /* Debug */ = {
			isa = XCBuildConfiguration;
			buildSettings = {
				FRAMEWORK_SEARCH_PATHS = (
					"$(inherited)",
					"$(LOCAL_LIBRARY_DIR)/Frameworks",
				);
				GCC_PREPROCESSOR_DEFINITIONS = (
					"DEBUG=1",
					"$(inherited)",
					WITH_IMGUI,
					DLIB_NO_GUI_SUPPORT,
				);
				HEADER_SEARCH_PATHS = (
					"$(inherited)",
					external,
					external/eigen,
					external/opencv/include,
					external/glew/include,
					external/glfw/include,
					external/glm,
					external/cereal/include,
					external/gflags/include,
					external/spdlog/include,
				);
				INSTALL_PATH = "-rpath @executable_path";
				LIBRARY_SEARCH_PATHS = (
					"$(PROJECT_DIR)/external/glew/lib",
					"$(PROJECT_DIR)/external/opencv/lib/mac",
					"$(PROJECT_DIR)/external/glfw/lib",
					"$(PROJECT_DIR)/external/gflags/lib/mac",
				);
				OTHER_LDFLAGS = (
					"-rpath",
					"@executable_path",
				);
				PRODUCT_NAME = "$(TARGET_NAME)";
			};
			name = Debug;
		};
		8F34541C1EEC9E30007B479B /* Release */ = {
			isa = XCBuildConfiguration;
			buildSettings = {
				FRAMEWORK_SEARCH_PATHS = (
					"$(inherited)",
					"$(LOCAL_LIBRARY_DIR)/Frameworks",
				);
				GCC_PREPROCESSOR_DEFINITIONS = (
					DLIB_NO_GUI_SUPPORT,
					WITH_IMGUI,
				);
				HEADER_SEARCH_PATHS = (
					"$(inherited)",
					external,
					external/eigen,
					external/opencv/include,
					external/glew/include,
					external/glfw/include,
					external/glm,
					external/cereal/include,
					external/gflags/include,
					external/spdlog/include,
				);
				INSTALL_PATH = "-rpath @executable_path";
				LIBRARY_SEARCH_PATHS = (
					"$(PROJECT_DIR)/external/glew/lib",
					"$(PROJECT_DIR)/external/opencv/lib/mac",
					"$(PROJECT_DIR)/external/glfw/lib",
					"$(PROJECT_DIR)/external/gflags/lib/mac",
				);
				OTHER_LDFLAGS = (
					"-rpath",
					"@executable_path",
				);
				PRODUCT_NAME = "$(TARGET_NAME)";
			};
			name = Release;
		};
/* End XCBuildConfiguration section */

/* Begin XCConfigurationList section */
		8F34540E1EEC9E30007B479B /* Build configuration list for PBXProject "face_toolkit" */ = {
			isa = XCConfigurationList;
			buildConfigurations = (
				8F3454181EEC9E30007B479B /* Debug */,
				8F3454191EEC9E30007B479B /* Release */,
			);
			defaultConfigurationIsVisible = 0;
			defaultConfigurationName = Release;
		};
		8F34541A1EEC9E30007B479B /* Build configuration list for PBXNativeTarget "face_toolkit" */ = {
			isa = XCConfigurationList;
			buildConfigurations = (
				8F34541B1EEC9E30007B479B /* Debug */,
				8F34541C1EEC9E30007B479B /* Release */,
			);
			defaultConfigurationIsVisible = 0;
			defaultConfigurationName = Release;
		};
/* End XCConfigurationList section */
	};
	rootObject = 8F34540B1EEC9E30007B479B /* Project object */;
}
