// !$*UTF8*$!
{
	archiveVersion = 1;
	classes = {
	};
	objectVersion = 46;
	objects = {

/* Begin PBXBuildFile section */
		8F212E7E1F50C516005099A2 /* libnanogui.dylib in Frameworks */ = {isa = PBXBuildFile; fileRef = 8F212E7D1F50C516005099A2 /* libnanogui.dylib */; };
		8F212E7F1F50C519005099A2 /* libnanogui.dylib in CopyFiles */ = {isa = PBXBuildFile; fileRef = 8F212E7D1F50C516005099A2 /* libnanogui.dylib */; };
		8F212E811F50C5CD005099A2 /* OpenGL.framework in Frameworks */ = {isa = PBXBuildFile; fileRef = 8F212E801F50C5CD005099A2 /* OpenGL.framework */; };
		8F3454171EEC9E30007B479B /* main.cpp in Sources */ = {isa = PBXBuildFile; fileRef = 8F3454161EEC9E30007B479B /* main.cpp */; };
		8F34541F1EECA0C1007B479B /* gl_core.cpp in Sources */ = {isa = PBXBuildFile; fileRef = 8F34541D1EECA0C1007B479B /* gl_core.cpp */; };
		8F3454241EECA18F007B479B /* libgflags.2.2.0.dylib in Frameworks */ = {isa = PBXBuildFile; fileRef = 8F3454231EECA18F007B479B /* libgflags.2.2.0.dylib */; };
		8F3454261EECA1A0007B479B /* libGLEW.a in Frameworks */ = {isa = PBXBuildFile; fileRef = 8F3454251EECA1A0007B479B /* libGLEW.a */; };
		8F3454281EECA1AF007B479B /* libopencv_world.3.2.0.dylib in Frameworks */ = {isa = PBXBuildFile; fileRef = 8F3454271EECA1AF007B479B /* libopencv_world.3.2.0.dylib */; };
		8F3454291EECA1B6007B479B /* libgflags.2.2.0.dylib in CopyFiles */ = {isa = PBXBuildFile; fileRef = 8F3454231EECA18F007B479B /* libgflags.2.2.0.dylib */; };
		8F34542A1EECA1B6007B479B /* libopencv_world.3.2.0.dylib in CopyFiles */ = {isa = PBXBuildFile; fileRef = 8F3454271EECA1AF007B479B /* libopencv_world.3.2.0.dylib */; };
		8F34542D1EECD419007B479B /* camera.cpp in Sources */ = {isa = PBXBuildFile; fileRef = 8F34542B1EECD419007B479B /* camera.cpp */; };
		8F3454301EECD42D007B479B /* renderer.cpp in Sources */ = {isa = PBXBuildFile; fileRef = 8F34542E1EECD42D007B479B /* renderer.cpp */; };
		8F3454331EECD439007B479B /* gui.cpp in Sources */ = {isa = PBXBuildFile; fileRef = 8F3454311EECD439007B479B /* gui.cpp */; };
		8F3454361EECD460007B479B /* gl_mesh.cpp in Sources */ = {isa = PBXBuildFile; fileRef = 8F3454341EECD460007B479B /* gl_mesh.cpp */; };
		8F3454391EECD473007B479B /* framebuffer.cpp in Sources */ = {isa = PBXBuildFile; fileRef = 8F3454371EECD473007B479B /* framebuffer.cpp */; };
		8F71F1A91F520D4F00DE56D7 /* trackball.cpp in Sources */ = {isa = PBXBuildFile; fileRef = 8F71F1A71F520D4F00DE56D7 /* trackball.cpp */; };
		8FDF976A1F50F8AF0038065A /* tiny_obj_loader.cc in Sources */ = {isa = PBXBuildFile; fileRef = 8FDF97681F50F8AF0038065A /* tiny_obj_loader.cc */; };
/* End PBXBuildFile section */

/* Begin PBXCopyFilesBuildPhase section */
		8F3454111EEC9E30007B479B /* CopyFiles */ = {
			isa = PBXCopyFilesBuildPhase;
			buildActionMask = 12;
			dstPath = "";
			dstSubfolderSpec = 16;
			files = (
				8F212E7F1F50C519005099A2 /* libnanogui.dylib in CopyFiles */,
				8F3454291EECA1B6007B479B /* libgflags.2.2.0.dylib in CopyFiles */,
				8F34542A1EECA1B6007B479B /* libopencv_world.3.2.0.dylib in CopyFiles */,
			);
			runOnlyForDeploymentPostprocessing = 0;
		};
/* End PBXCopyFilesBuildPhase section */

/* Begin PBXFileReference section */
		8F212E7D1F50C516005099A2 /* libnanogui.dylib */ = {isa = PBXFileReference; lastKnownFileType = "compiled.mach-o.dylib"; name = libnanogui.dylib; path = external/nanogui/lib/libnanogui.dylib; sourceTree = "<group>"; };
		8F212E801F50C5CD005099A2 /* OpenGL.framework */ = {isa = PBXFileReference; lastKnownFileType = wrapper.framework; name = OpenGL.framework; path = System/Library/Frameworks/OpenGL.framework; sourceTree = SDKROOT; };
		8F3454131EEC9E30007B479B /* RenderingTemplate */ = {isa = PBXFileReference; explicitFileType = "compiled.mach-o.executable"; includeInIndex = 0; path = RenderingTemplate; sourceTree = BUILT_PRODUCTS_DIR; };
		8F3454161EEC9E30007B479B /* main.cpp */ = {isa = PBXFileReference; lastKnownFileType = sourcecode.cpp.cpp; path = main.cpp; sourceTree = "<group>"; };
		8F34541D1EECA0C1007B479B /* gl_core.cpp */ = {isa = PBXFileReference; fileEncoding = 4; lastKnownFileType = sourcecode.cpp.cpp; path = gl_core.cpp; sourceTree = "<group>"; };
		8F34541E1EECA0C1007B479B /* gl_core.hpp */ = {isa = PBXFileReference; fileEncoding = 4; lastKnownFileType = sourcecode.cpp.h; path = gl_core.hpp; sourceTree = "<group>"; };
		8F3454201EECA15E007B479B /* gl_utils.h */ = {isa = PBXFileReference; fileEncoding = 4; lastKnownFileType = sourcecode.c.h; path = gl_utils.h; sourceTree = "<group>"; };
		8F3454231EECA18F007B479B /* libgflags.2.2.0.dylib */ = {isa = PBXFileReference; lastKnownFileType = "compiled.mach-o.dylib"; name = libgflags.2.2.0.dylib; path = external/gflags/lib/mac/libgflags.2.2.0.dylib; sourceTree = "<group>"; };
		8F3454251EECA1A0007B479B /* libGLEW.a */ = {isa = PBXFileReference; lastKnownFileType = archive.ar; name = libGLEW.a; path = external/glew/lib/libGLEW.a; sourceTree = "<group>"; };
		8F3454271EECA1AF007B479B /* libopencv_world.3.2.0.dylib */ = {isa = PBXFileReference; lastKnownFileType = "compiled.mach-o.dylib"; name = libopencv_world.3.2.0.dylib; path = external/opencv/lib/mac/libopencv_world.3.2.0.dylib; sourceTree = "<group>"; };
		8F34542B1EECD419007B479B /* camera.cpp */ = {isa = PBXFileReference; fileEncoding = 4; lastKnownFileType = sourcecode.cpp.cpp; path = camera.cpp; sourceTree = "<group>"; };
		8F34542C1EECD419007B479B /* camera.hpp */ = {isa = PBXFileReference; fileEncoding = 4; lastKnownFileType = sourcecode.cpp.h; path = camera.hpp; sourceTree = "<group>"; };
		8F34542E1EECD42D007B479B /* renderer.cpp */ = {isa = PBXFileReference; fileEncoding = 4; lastKnownFileType = sourcecode.cpp.cpp; path = renderer.cpp; sourceTree = "<group>"; };
		8F34542F1EECD42D007B479B /* renderer.hpp */ = {isa = PBXFileReference; fileEncoding = 4; lastKnownFileType = sourcecode.cpp.h; path = renderer.hpp; sourceTree = "<group>"; };
		8F3454311EECD439007B479B /* gui.cpp */ = {isa = PBXFileReference; fileEncoding = 4; lastKnownFileType = sourcecode.cpp.cpp; path = gui.cpp; sourceTree = "<group>"; };
		8F3454321EECD439007B479B /* gui.hpp */ = {isa = PBXFileReference; fileEncoding = 4; lastKnownFileType = sourcecode.cpp.h; path = gui.hpp; sourceTree = "<group>"; };
		8F3454341EECD460007B479B /* gl_mesh.cpp */ = {isa = PBXFileReference; fileEncoding = 4; lastKnownFileType = sourcecode.cpp.cpp; path = gl_mesh.cpp; sourceTree = "<group>"; };
		8F3454351EECD460007B479B /* gl_mesh.hpp */ = {isa = PBXFileReference; fileEncoding = 4; lastKnownFileType = sourcecode.cpp.h; path = gl_mesh.hpp; sourceTree = "<group>"; };
		8F3454371EECD473007B479B /* framebuffer.cpp */ = {isa = PBXFileReference; fileEncoding = 4; lastKnownFileType = sourcecode.cpp.cpp; path = framebuffer.cpp; sourceTree = "<group>"; };
		8F3454381EECD473007B479B /* framebuffer.hpp */ = {isa = PBXFileReference; fileEncoding = 4; lastKnownFileType = sourcecode.cpp.h; path = framebuffer.hpp; sourceTree = "<group>"; };
		8F71F1A61F5106D400DE56D7 /* EigenHelper.h */ = {isa = PBXFileReference; lastKnownFileType = sourcecode.c.h; path = EigenHelper.h; sourceTree = "<group>"; };
		8F71F1A71F520D4F00DE56D7 /* trackball.cpp */ = {isa = PBXFileReference; fileEncoding = 4; lastKnownFileType = sourcecode.cpp.cpp; path = trackball.cpp; sourceTree = "<group>"; };
		8F71F1A81F520D4F00DE56D7 /* trackball.hpp */ = {isa = PBXFileReference; fileEncoding = 4; lastKnownFileType = sourcecode.cpp.h; path = trackball.hpp; sourceTree = "<group>"; };
		8FDF97571F50EAFD0038065A /* full_texture_bgr.frag */ = {isa = PBXFileReference; lastKnownFileType = sourcecode.glsl; path = full_texture_bgr.frag; sourceTree = "<group>"; };
		8FDF97581F50EAFD0038065A /* full_texture_bgr.vert */ = {isa = PBXFileReference; lastKnownFileType = sourcecode.glsl; path = full_texture_bgr.vert; sourceTree = "<group>"; };
		8FDF975D1F50ED910038065A /* point2d.frag */ = {isa = PBXFileReference; lastKnownFileType = sourcecode.glsl; path = point2d.frag; sourceTree = "<group>"; };
		8FDF975E1F50ED910038065A /* point2d.vert */ = {isa = PBXFileReference; lastKnownFileType = sourcecode.glsl; path = point2d.vert; sourceTree = "<group>"; };
		8FDF975F1F50ED9C0038065A /* point3d.frag */ = {isa = PBXFileReference; lastKnownFileType = sourcecode.glsl; path = point3d.frag; sourceTree = "<group>"; };
		8FDF97601F50ED9C0038065A /* point3d.vert */ = {isa = PBXFileReference; lastKnownFileType = sourcecode.glsl; path = point3d.vert; sourceTree = "<group>"; };
		8FDF97611F50EF910038065A /* face2face.frag */ = {isa = PBXFileReference; lastKnownFileType = sourcecode.glsl; path = face2face.frag; sourceTree = "<group>"; };
		8FDF97621F50EF910038065A /* face2face.geom */ = {isa = PBXFileReference; lastKnownFileType = sourcecode.glsl; path = face2face.geom; sourceTree = "<group>"; };
		8FDF97631F50EF910038065A /* face2face.vert */ = {isa = PBXFileReference; lastKnownFileType = sourcecode.glsl; path = face2face.vert; sourceTree = "<group>"; };
		8FDF97641F50EFC60038065A /* face2face_preview.frag */ = {isa = PBXFileReference; lastKnownFileType = sourcecode.glsl; path = face2face_preview.frag; sourceTree = "<group>"; };
		8FDF97651F50EFC60038065A /* face2face_preview.vert */ = {isa = PBXFileReference; lastKnownFileType = sourcecode.glsl; path = face2face_preview.vert; sourceTree = "<group>"; };
		8FDF97661F50F3220038065A /* mesh.frag */ = {isa = PBXFileReference; lastKnownFileType = sourcecode.glsl; path = mesh.frag; sourceTree = "<group>"; };
		8FDF97671F50F3220038065A /* mesh.vert */ = {isa = PBXFileReference; lastKnownFileType = sourcecode.glsl; path = mesh.vert; sourceTree = "<group>"; };
		8FDF97681F50F8AF0038065A /* tiny_obj_loader.cc */ = {isa = PBXFileReference; fileEncoding = 4; lastKnownFileType = sourcecode.cpp.cpp; path = tiny_obj_loader.cc; sourceTree = "<group>"; };
		8FDF97691F50F8AF0038065A /* tiny_obj_loader.h */ = {isa = PBXFileReference; fileEncoding = 4; lastKnownFileType = sourcecode.c.h; path = tiny_obj_loader.h; sourceTree = "<group>"; };
		8FDF976B1F50F8DC0038065A /* obj_loader.hpp */ = {isa = PBXFileReference; lastKnownFileType = sourcecode.cpp.h; path = obj_loader.hpp; sourceTree = "<group>"; };
/* End PBXFileReference section */

/* Begin PBXFrameworksBuildPhase section */
		8F3454101EEC9E30007B479B /* Frameworks */ = {
			isa = PBXFrameworksBuildPhase;
			buildActionMask = 2147483647;
			files = (
				8F3454241EECA18F007B479B /* libgflags.2.2.0.dylib in Frameworks */,
				8F212E7E1F50C516005099A2 /* libnanogui.dylib in Frameworks */,
				8F3454281EECA1AF007B479B /* libopencv_world.3.2.0.dylib in Frameworks */,
				8F212E811F50C5CD005099A2 /* OpenGL.framework in Frameworks */,
				8F3454261EECA1A0007B479B /* libGLEW.a in Frameworks */,
			);
			runOnlyForDeploymentPostprocessing = 0;
		};
/* End PBXFrameworksBuildPhase section */

/* Begin PBXGroup section */
		8F34540A1EEC9E30007B479B = {
			isa = PBXGroup;
			children = (
				8F212E801F50C5CD005099A2 /* OpenGL.framework */,
				8F3454231EECA18F007B479B /* libgflags.2.2.0.dylib */,
				8F212E7D1F50C516005099A2 /* libnanogui.dylib */,
				8F3454251EECA1A0007B479B /* libGLEW.a */,
				8F3454271EECA1AF007B479B /* libopencv_world.3.2.0.dylib */,
				8FDF97531F50EAFD0038065A /* shaders */,
				8F3454151EEC9E30007B479B /* RenderingTemplate */,
				8F3454141EEC9E30007B479B /* Products */,
			);
			sourceTree = "<group>";
		};
		8F3454141EEC9E30007B479B /* Products */ = {
			isa = PBXGroup;
			children = (
				8F3454131EEC9E30007B479B /* RenderingTemplate */,
			);
			name = Products;
			sourceTree = "<group>";
		};
		8F3454151EEC9E30007B479B /* RenderingTemplate */ = {
			isa = PBXGroup;
			children = (
				8F3454161EEC9E30007B479B /* main.cpp */,
				8F71F1A61F5106D400DE56D7 /* EigenHelper.h */,
				8F34541D1EECA0C1007B479B /* gl_core.cpp */,
				8F34541E1EECA0C1007B479B /* gl_core.hpp */,
				8F3454201EECA15E007B479B /* gl_utils.h */,
				8F34542B1EECD419007B479B /* camera.cpp */,
				8F34542C1EECD419007B479B /* camera.hpp */,
				8F34542E1EECD42D007B479B /* renderer.cpp */,
				8F34542F1EECD42D007B479B /* renderer.hpp */,
				8F3454311EECD439007B479B /* gui.cpp */,
				8F3454321EECD439007B479B /* gui.hpp */,
				8F3454341EECD460007B479B /* gl_mesh.cpp */,
				8F3454351EECD460007B479B /* gl_mesh.hpp */,
				8FDF97681F50F8AF0038065A /* tiny_obj_loader.cc */,
				8FDF97691F50F8AF0038065A /* tiny_obj_loader.h */,
				8FDF976B1F50F8DC0038065A /* obj_loader.hpp */,
				8F3454371EECD473007B479B /* framebuffer.cpp */,
				8F3454381EECD473007B479B /* framebuffer.hpp */,
				8F71F1A71F520D4F00DE56D7 /* trackball.cpp */,
				8F71F1A81F520D4F00DE56D7 /* trackball.hpp */,
			);
			path = RenderingTemplate;
			sourceTree = "<group>";
		};
		8FDF97531F50EAFD0038065A /* shaders */ = {
			isa = PBXGroup;
			children = (
				8FDF97661F50F3220038065A /* mesh.frag */,
				8FDF97671F50F3220038065A /* mesh.vert */,
				8FDF97571F50EAFD0038065A /* full_texture_bgr.frag */,
				8FDF97581F50EAFD0038065A /* full_texture_bgr.vert */,
				8FDF97611F50EF910038065A /* face2face.frag */,
				8FDF97621F50EF910038065A /* face2face.geom */,
				8FDF97631F50EF910038065A /* face2face.vert */,
				8FDF97641F50EFC60038065A /* face2face_preview.frag */,
				8FDF97651F50EFC60038065A /* face2face_preview.vert */,
				8FDF975D1F50ED910038065A /* point2d.frag */,
				8FDF975E1F50ED910038065A /* point2d.vert */,
				8FDF975F1F50ED9C0038065A /* point3d.frag */,
				8FDF97601F50ED9C0038065A /* point3d.vert */,
			);
			path = shaders;
			sourceTree = "<group>";
		};
/* End PBXGroup section */

/* Begin PBXNativeTarget section */
		8F3454121EEC9E30007B479B /* RenderingTemplate */ = {
			isa = PBXNativeTarget;
			buildConfigurationList = 8F34541A1EEC9E30007B479B /* Build configuration list for PBXNativeTarget "RenderingTemplate" */;
			buildPhases = (
				8F34540F1EEC9E30007B479B /* Sources */,
				8F3454101EEC9E30007B479B /* Frameworks */,
				8F3454111EEC9E30007B479B /* CopyFiles */,
			);
			buildRules = (
			);
			dependencies = (
			);
			name = RenderingTemplate;
			productName = RenderingTemplate;
			productReference = 8F3454131EEC9E30007B479B /* RenderingTemplate */;
			productType = "com.apple.product-type.tool";
		};
/* End PBXNativeTarget section */

/* Begin PBXProject section */
		8F34540B1EEC9E30007B479B /* Project object */ = {
			isa = PBXProject;
			attributes = {
				LastUpgradeCheck = 0820;
				ORGANIZATIONNAME = "Shunsuke Saito";
				TargetAttributes = {
					8F3454121EEC9E30007B479B = {
						CreatedOnToolsVersion = 8.2.1;
						ProvisioningStyle = Automatic;
					};
				};
			};
			buildConfigurationList = 8F34540E1EEC9E30007B479B /* Build configuration list for PBXProject "RenderingTemplate" */;
			compatibilityVersion = "Xcode 3.2";
			developmentRegion = English;
			hasScannedForEncodings = 0;
			knownRegions = (
				en,
			);
			mainGroup = 8F34540A1EEC9E30007B479B;
			productRefGroup = 8F3454141EEC9E30007B479B /* Products */;
			projectDirPath = "";
			projectRoot = "";
			targets = (
				8F3454121EEC9E30007B479B /* RenderingTemplate */,
			);
		};
/* End PBXProject section */

/* Begin PBXSourcesBuildPhase section */
		8F34540F1EEC9E30007B479B /* Sources */ = {
			isa = PBXSourcesBuildPhase;
			buildActionMask = 2147483647;
			files = (
				8F3454301EECD42D007B479B /* renderer.cpp in Sources */,
				8F3454171EEC9E30007B479B /* main.cpp in Sources */,
				8FDF976A1F50F8AF0038065A /* tiny_obj_loader.cc in Sources */,
				8F3454391EECD473007B479B /* framebuffer.cpp in Sources */,
				8F34542D1EECD419007B479B /* camera.cpp in Sources */,
				8F3454361EECD460007B479B /* gl_mesh.cpp in Sources */,
				8F71F1A91F520D4F00DE56D7 /* trackball.cpp in Sources */,
				8F3454331EECD439007B479B /* gui.cpp in Sources */,
				8F34541F1EECA0C1007B479B /* gl_core.cpp in Sources */,
			);
			runOnlyForDeploymentPostprocessing = 0;
		};
/* End PBXSourcesBuildPhase section */

/* Begin XCBuildConfiguration section */
		8F3454181EEC9E30007B479B /* Debug */ = {
			isa = XCBuildConfiguration;
			buildSettings = {
				ALWAYS_SEARCH_USER_PATHS = NO;
				CLANG_ANALYZER_NONNULL = YES;
				CLANG_CXX_LANGUAGE_STANDARD = "gnu++0x";
				CLANG_CXX_LIBRARY = "libc++";
				CLANG_ENABLE_MODULES = YES;
				CLANG_ENABLE_OBJC_ARC = YES;
				CLANG_WARN_BOOL_CONVERSION = YES;
				CLANG_WARN_CONSTANT_CONVERSION = YES;
				CLANG_WARN_DIRECT_OBJC_ISA_USAGE = YES_ERROR;
				CLANG_WARN_DOCUMENTATION_COMMENTS = YES;
				CLANG_WARN_EMPTY_BODY = YES;
				CLANG_WARN_ENUM_CONVERSION = YES;
				CLANG_WARN_INFINITE_RECURSION = YES;
				CLANG_WARN_INT_CONVERSION = YES;
				CLANG_WARN_OBJC_ROOT_CLASS = YES_ERROR;
				CLANG_WARN_SUSPICIOUS_MOVE = YES;
				CLANG_WARN_UNREACHABLE_CODE = YES;
				CLANG_WARN__DUPLICATE_METHOD_MATCH = YES;
				CODE_SIGN_IDENTITY = "-";
				COPY_PHASE_STRIP = NO;
				DEBUG_INFORMATION_FORMAT = dwarf;
				ENABLE_STRICT_OBJC_MSGSEND = YES;
				ENABLE_TESTABILITY = YES;
				GCC_C_LANGUAGE_STANDARD = gnu99;
				GCC_DYNAMIC_NO_PIC = NO;
				GCC_NO_COMMON_BLOCKS = YES;
				GCC_OPTIMIZATION_LEVEL = 0;
				GCC_PREPROCESSOR_DEFINITIONS = (
					"DEBUG=1",
					"$(inherited)",
				);
				GCC_WARN_64_TO_32_BIT_CONVERSION = YES;
				GCC_WARN_ABOUT_RETURN_TYPE = YES_ERROR;
				GCC_WARN_UNDECLARED_SELECTOR = YES;
				GCC_WARN_UNINITIALIZED_AUTOS = YES_AGGRESSIVE;
				GCC_WARN_UNUSED_FUNCTION = YES;
				GCC_WARN_UNUSED_VARIABLE = YES;
				MACOSX_DEPLOYMENT_TARGET = 10.12;
				MTL_ENABLE_DEBUG_INFO = YES;
				ONLY_ACTIVE_ARCH = YES;
				SDKROOT = macosx;
			};
			name = Debug;
		};
		8F3454191EEC9E30007B479B /* Release */ = {
			isa = XCBuildConfiguration;
			buildSettings = {
				ALWAYS_SEARCH_USER_PATHS = NO;
				CLANG_ANALYZER_NONNULL = YES;
				CLANG_CXX_LANGUAGE_STANDARD = "gnu++0x";
				CLANG_CXX_LIBRARY = "libc++";
				CLANG_ENABLE_MODULES = YES;
				CLANG_ENABLE_OBJC_ARC = YES;
				CLANG_WARN_BOOL_CONVERSION = YES;
				CLANG_WARN_CONSTANT_CONVERSION = YES;
				CLANG_WARN_DIRECT_OBJC_ISA_USAGE = YES_ERROR;
				CLANG_WARN_DOCUMENTATION_COMMENTS = YES;
				CLANG_WARN_EMPTY_BODY = YES;
				CLANG_WARN_ENUM_CONVERSION = YES;
				CLANG_WARN_INFINITE_RECURSION = YES;
				CLANG_WARN_INT_CONVERSION = YES;
				CLANG_WARN_OBJC_ROOT_CLASS = YES_ERROR;
				CLANG_WARN_SUSPICIOUS_MOVE = YES;
				CLANG_WARN_UNREACHABLE_CODE = YES;
				CLANG_WARN__DUPLICATE_METHOD_MATCH = YES;
				CODE_SIGN_IDENTITY = "-";
				COPY_PHASE_STRIP = NO;
				DEBUG_INFORMATION_FORMAT = "dwarf-with-dsym";
				ENABLE_NS_ASSERTIONS = NO;
				ENABLE_STRICT_OBJC_MSGSEND = YES;
				GCC_C_LANGUAGE_STANDARD = gnu99;
				GCC_NO_COMMON_BLOCKS = YES;
				GCC_WARN_64_TO_32_BIT_CONVERSION = YES;
				GCC_WARN_ABOUT_RETURN_TYPE = YES_ERROR;
				GCC_WARN_UNDECLARED_SELECTOR = YES;
				GCC_WARN_UNINITIALIZED_AUTOS = YES_AGGRESSIVE;
				GCC_WARN_UNUSED_FUNCTION = YES;
				GCC_WARN_UNUSED_VARIABLE = YES;
				MACOSX_DEPLOYMENT_TARGET = 10.12;
				MTL_ENABLE_DEBUG_INFO = NO;
				SDKROOT = macosx;
			};
			name = Release;
		};
		8F34541B1EEC9E30007B479B /* Debug */ = {
			isa = XCBuildConfiguration;
			buildSettings = {
				FRAMEWORK_SEARCH_PATHS = (
					"$(inherited)",
					"$(LOCAL_LIBRARY_DIR)/Frameworks",
				);
				HEADER_SEARCH_PATHS = (
					"$(inherited)",
					external,
					external/anttweakbar/include,
					external/nanogui/include,
					external/eigen,
					external/opencv/include,
					external/glew/include,
					external/glfw/include,
					external/glm,
					external/cereal/include,
					external/gflags/include,
				);
				INSTALL_PATH = "-rpath @executable_path";
				LIBRARY_SEARCH_PATHS = (
					"$(PROJECT_DIR)/external/glew/lib",
					"$(PROJECT_DIR)/external/nanogui/lib",
					"$(PROJECT_DIR)/external/opencv/lib/mac",
					"$(PROJECT_DIR)/external/glfw/lib",
					"$(PROJECT_DIR)/external/gflags/lib/mac",
					"$(PROJECT_DIR)/external/anttweakbar/lib",
				);
				OTHER_LDFLAGS = (
					"-rpath",
					"@executable_path",
				);
				PRODUCT_NAME = "$(TARGET_NAME)";
			};
			name = Debug;
		};
		8F34541C1EEC9E30007B479B /* Release */ = {
			isa = XCBuildConfiguration;
			buildSettings = {
				FRAMEWORK_SEARCH_PATHS = (
					"$(inherited)",
					"$(LOCAL_LIBRARY_DIR)/Frameworks",
				);
				HEADER_SEARCH_PATHS = (
					"$(inherited)",
					external,
					external/anttweakbar/include,
					external/nanogui/include,
					external/eigen,
					external/opencv/include,
					external/glew/include,
					external/glfw/include,
					external/glm,
					external/cereal/include,
					external/gflags/include,
				);
				INSTALL_PATH = "-rpath @executable_path";
				LIBRARY_SEARCH_PATHS = (
					"$(PROJECT_DIR)/external/glew/lib",
					"$(PROJECT_DIR)/external/nanogui/lib",
					"$(PROJECT_DIR)/external/opencv/lib/mac",
					"$(PROJECT_DIR)/external/glfw/lib",
					"$(PROJECT_DIR)/external/gflags/lib/mac",
					"$(PROJECT_DIR)/external/anttweakbar/lib",
				);
				OTHER_LDFLAGS = (
					"-rpath",
					"@executable_path",
				);
				PRODUCT_NAME = "$(TARGET_NAME)";
			};
			name = Release;
		};
/* End XCBuildConfiguration section */

/* Begin XCConfigurationList section */
		8F34540E1EEC9E30007B479B /* Build configuration list for PBXProject "RenderingTemplate" */ = {
			isa = XCConfigurationList;
			buildConfigurations = (
				8F3454181EEC9E30007B479B /* Debug */,
				8F3454191EEC9E30007B479B /* Release */,
			);
			defaultConfigurationIsVisible = 0;
			defaultConfigurationName = Release;
		};
		8F34541A1EEC9E30007B479B /* Build configuration list for PBXNativeTarget "RenderingTemplate" */ = {
			isa = XCConfigurationList;
			buildConfigurations = (
				8F34541B1EEC9E30007B479B /* Debug */,
				8F34541C1EEC9E30007B479B /* Release */,
			);
			defaultConfigurationIsVisible = 0;
			defaultConfigurationName = Release;
		};
/* End XCConfigurationList section */
	};
	rootObject = 8F34540B1EEC9E30007B479B /* Project object */;
}
